// !$*UTF8*$!
{
	archiveVersion = 1;
	classes = {
	};
	objectVersion = 46;
	objects = {

/* Begin PBXBuildFile section */
		600272531D50C71800EE2D86 /* main.m in Sources */ = {isa = PBXBuildFile; fileRef = 600272521D50C71800EE2D86 /* main.m */; };
		600272561D50C71800EE2D86 /* AppDelegate.m in Sources */ = {isa = PBXBuildFile; fileRef = 600272551D50C71800EE2D86 /* AppDelegate.m */; };
		600272591D50C71800EE2D86 /* OAurh2ViewController.m in Sources */ = {isa = PBXBuildFile; fileRef = 600272581D50C71800EE2D86 /* OAurh2ViewController.m */; };
		6002725C1D50C71800EE2D86 /* Main.storyboard in Resources */ = {isa = PBXBuildFile; fileRef = 6002725A1D50C71800EE2D86 /* Main.storyboard */; };
		6002725E1D50C71800EE2D86 /* Images.xcassets in Resources */ = {isa = PBXBuildFile; fileRef = 6002725D1D50C71800EE2D86 /* Images.xcassets */; };
		600272611D50C71800EE2D86 /* LaunchScreen.xib in Resources */ = {isa = PBXBuildFile; fileRef = 6002725F1D50C71800EE2D86 /* LaunchScreen.xib */; };
		6002726D1D50C71800EE2D86 /* weboTests.m in Sources */ = {isa = PBXBuildFile; fileRef = 6002726C1D50C71800EE2D86 /* weboTests.m */; };
		600DEAEE1D50D20200B07DB4 /* AFHTTPRequestOperation.m in Sources */ = {isa = PBXBuildFile; fileRef = 600DEADC1D50D20200B07DB4 /* AFHTTPRequestOperation.m */; };
		600DEAEF1D50D20200B07DB4 /* AFHTTPRequestOperationManager.m in Sources */ = {isa = PBXBuildFile; fileRef = 600DEADE1D50D20200B07DB4 /* AFHTTPRequestOperationManager.m */; };
		600DEAF01D50D20200B07DB4 /* AFHTTPSessionManager.m in Sources */ = {isa = PBXBuildFile; fileRef = 600DEAE01D50D20200B07DB4 /* AFHTTPSessionManager.m */; };
		600DEAF11D50D20200B07DB4 /* AFNetworkReachabilityManager.m in Sources */ = {isa = PBXBuildFile; fileRef = 600DEAE31D50D20200B07DB4 /* AFNetworkReachabilityManager.m */; };
		600DEAF21D50D20200B07DB4 /* AFSecurityPolicy.m in Sources */ = {isa = PBXBuildFile; fileRef = 600DEAE51D50D20200B07DB4 /* AFSecurityPolicy.m */; };
		600DEAF31D50D20200B07DB4 /* AFURLConnectionOperation.m in Sources */ = {isa = PBXBuildFile; fileRef = 600DEAE71D50D20200B07DB4 /* AFURLConnectionOperation.m */; };
		600DEAF41D50D20200B07DB4 /* AFURLRequestSerialization.m in Sources */ = {isa = PBXBuildFile; fileRef = 600DEAE91D50D20200B07DB4 /* AFURLRequestSerialization.m */; };
		600DEAF51D50D20200B07DB4 /* AFURLResponseSerialization.m in Sources */ = {isa = PBXBuildFile; fileRef = 600DEAEB1D50D20200B07DB4 /* AFURLResponseSerialization.m */; };
		600DEAF61D50D20200B07DB4 /* AFURLSessionManager.m in Sources */ = {isa = PBXBuildFile; fileRef = 600DEAED1D50D20200B07DB4 /* AFURLSessionManager.m */; };
		600DEAFD1D50EDA800B07DB4 /* Account.m in Sources */ = {isa = PBXBuildFile; fileRef = 600DEAFC1D50EDA800B07DB4 /* Account.m */; };
		600DEB011D513A0E00B07DB4 /* SinaAPIConstant.m in Sources */ = {isa = PBXBuildFile; fileRef = 600DEB001D513A0E00B07DB4 /* SinaAPIConstant.m */; };
		60253CB21D5310F200BF72C0 /* Status.m in Sources */ = {isa = PBXBuildFile; fileRef = 60253CB11D5310F200BF72C0 /* Status.m */; };
		60253CB51D53125000BF72C0 /* User.m in Sources */ = {isa = PBXBuildFile; fileRef = 60253CB41D53125000BF72C0 /* User.m */; };
		60FFDCEE1D521953007ADB3A /* AccountManager.m in Sources */ = {isa = PBXBuildFile; fileRef = 60FFDCED1D521953007ADB3A /* AccountManager.m */; };
		60FFDCF31D526AE7007ADB3A /* StatusesTableViewController.m in Sources */ = {isa = PBXBuildFile; fileRef = 60FFDCF21D526AE7007ADB3A /* StatusesTableViewController.m */; };
/* End PBXBuildFile section */

/* Begin PBXContainerItemProxy section */
		600272671D50C71800EE2D86 /* PBXContainerItemProxy */ = {
			isa = PBXContainerItemProxy;
			containerPortal = 600272451D50C71800EE2D86 /* Project object */;
			proxyType = 1;
			remoteGlobalIDString = 6002724C1D50C71800EE2D86;
			remoteInfo = webo;
		};
/* End PBXContainerItemProxy section */

/* Begin PBXFileReference section */
		6002724D1D50C71800EE2D86 /* webo.app */ = {isa = PBXFileReference; explicitFileType = wrapper.application; includeInIndex = 0; path = webo.app; sourceTree = BUILT_PRODUCTS_DIR; };
		600272511D50C71800EE2D86 /* Info.plist */ = {isa = PBXFileReference; lastKnownFileType = text.plist.xml; path = Info.plist; sourceTree = "<group>"; };
		600272521D50C71800EE2D86 /* main.m */ = {isa = PBXFileReference; lastKnownFileType = sourcecode.c.objc; path = main.m; sourceTree = "<group>"; };
		600272541D50C71800EE2D86 /* AppDelegate.h */ = {isa = PBXFileReference; lastKnownFileType = sourcecode.c.h; path = AppDelegate.h; sourceTree = "<group>"; };
		600272551D50C71800EE2D86 /* AppDelegate.m */ = {isa = PBXFileReference; lastKnownFileType = sourcecode.c.objc; path = AppDelegate.m; sourceTree = "<group>"; };
		600272571D50C71800EE2D86 /* OAurh2ViewController.h */ = {isa = PBXFileReference; lastKnownFileType = sourcecode.c.h; path = OAurh2ViewController.h; sourceTree = "<group>"; };
		600272581D50C71800EE2D86 /* OAurh2ViewController.m */ = {isa = PBXFileReference; lastKnownFileType = sourcecode.c.objc; path = OAurh2ViewController.m; sourceTree = "<group>"; };
		6002725B1D50C71800EE2D86 /* Base */ = {isa = PBXFileReference; lastKnownFileType = file.storyboard; name = Base; path = Base.lproj/Main.storyboard; sourceTree = "<group>"; };
		6002725D1D50C71800EE2D86 /* Images.xcassets */ = {isa = PBXFileReference; lastKnownFileType = folder.assetcatalog; path = Images.xcassets; sourceTree = "<group>"; };
		600272601D50C71800EE2D86 /* Base */ = {isa = PBXFileReference; lastKnownFileType = file.xib; name = Base; path = Base.lproj/LaunchScreen.xib; sourceTree = "<group>"; };
		600272661D50C71800EE2D86 /* weboTests.xctest */ = {isa = PBXFileReference; explicitFileType = wrapper.cfbundle; includeInIndex = 0; path = weboTests.xctest; sourceTree = BUILT_PRODUCTS_DIR; };
		6002726B1D50C71800EE2D86 /* Info.plist */ = {isa = PBXFileReference; lastKnownFileType = text.plist.xml; path = Info.plist; sourceTree = "<group>"; };
		6002726C1D50C71800EE2D86 /* weboTests.m */ = {isa = PBXFileReference; lastKnownFileType = sourcecode.c.objc; path = weboTests.m; sourceTree = "<group>"; };
		600272B51D50C80500EE2D86 /* PrefixHeader.pch */ = {isa = PBXFileReference; lastKnownFileType = sourcecode.c.h; path = PrefixHeader.pch; sourceTree = "<group>"; };
		600DEADB1D50D20200B07DB4 /* AFHTTPRequestOperation.h */ = {isa = PBXFileReference; fileEncoding = 4; lastKnownFileType = sourcecode.c.h; path = AFHTTPRequestOperation.h; sourceTree = "<group>"; };
		600DEADC1D50D20200B07DB4 /* AFHTTPRequestOperation.m */ = {isa = PBXFileReference; fileEncoding = 4; lastKnownFileType = sourcecode.c.objc; path = AFHTTPRequestOperation.m; sourceTree = "<group>"; };
		600DEADD1D50D20200B07DB4 /* AFHTTPRequestOperationManager.h */ = {isa = PBXFileReference; fileEncoding = 4; lastKnownFileType = sourcecode.c.h; path = AFHTTPRequestOperationManager.h; sourceTree = "<group>"; };
		600DEADE1D50D20200B07DB4 /* AFHTTPRequestOperationManager.m */ = {isa = PBXFileReference; fileEncoding = 4; lastKnownFileType = sourcecode.c.objc; path = AFHTTPRequestOperationManager.m; sourceTree = "<group>"; };
		600DEADF1D50D20200B07DB4 /* AFHTTPSessionManager.h */ = {isa = PBXFileReference; fileEncoding = 4; lastKnownFileType = sourcecode.c.h; path = AFHTTPSessionManager.h; sourceTree = "<group>"; };
		600DEAE01D50D20200B07DB4 /* AFHTTPSessionManager.m */ = {isa = PBXFileReference; fileEncoding = 4; lastKnownFileType = sourcecode.c.objc; path = AFHTTPSessionManager.m; sourceTree = "<group>"; };
		600DEAE11D50D20200B07DB4 /* AFNetworking.h */ = {isa = PBXFileReference; fileEncoding = 4; lastKnownFileType = sourcecode.c.h; path = AFNetworking.h; sourceTree = "<group>"; };
		600DEAE21D50D20200B07DB4 /* AFNetworkReachabilityManager.h */ = {isa = PBXFileReference; fileEncoding = 4; lastKnownFileType = sourcecode.c.h; path = AFNetworkReachabilityManager.h; sourceTree = "<group>"; };
		600DEAE31D50D20200B07DB4 /* AFNetworkReachabilityManager.m */ = {isa = PBXFileReference; fileEncoding = 4; lastKnownFileType = sourcecode.c.objc; path = AFNetworkReachabilityManager.m; sourceTree = "<group>"; };
		600DEAE41D50D20200B07DB4 /* AFSecurityPolicy.h */ = {isa = PBXFileReference; fileEncoding = 4; lastKnownFileType = sourcecode.c.h; path = AFSecurityPolicy.h; sourceTree = "<group>"; };
		600DEAE51D50D20200B07DB4 /* AFSecurityPolicy.m */ = {isa = PBXFileReference; fileEncoding = 4; lastKnownFileType = sourcecode.c.objc; path = AFSecurityPolicy.m; sourceTree = "<group>"; };
		600DEAE61D50D20200B07DB4 /* AFURLConnectionOperation.h */ = {isa = PBXFileReference; fileEncoding = 4; lastKnownFileType = sourcecode.c.h; path = AFURLConnectionOperation.h; sourceTree = "<group>"; };
		600DEAE71D50D20200B07DB4 /* AFURLConnectionOperation.m */ = {isa = PBXFileReference; fileEncoding = 4; lastKnownFileType = sourcecode.c.objc; path = AFURLConnectionOperation.m; sourceTree = "<group>"; };
		600DEAE81D50D20200B07DB4 /* AFURLRequestSerialization.h */ = {isa = PBXFileReference; fileEncoding = 4; lastKnownFileType = sourcecode.c.h; path = AFURLRequestSerialization.h; sourceTree = "<group>"; };
		600DEAE91D50D20200B07DB4 /* AFURLRequestSerialization.m */ = {isa = PBXFileReference; fileEncoding = 4; lastKnownFileType = sourcecode.c.objc; path = AFURLRequestSerialization.m; sourceTree = "<group>"; };
		600DEAEA1D50D20200B07DB4 /* AFURLResponseSerialization.h */ = {isa = PBXFileReference; fileEncoding = 4; lastKnownFileType = sourcecode.c.h; path = AFURLResponseSerialization.h; sourceTree = "<group>"; };
		600DEAEB1D50D20200B07DB4 /* AFURLResponseSerialization.m */ = {isa = PBXFileReference; fileEncoding = 4; lastKnownFileType = sourcecode.c.objc; path = AFURLResponseSerialization.m; sourceTree = "<group>"; };
		600DEAEC1D50D20200B07DB4 /* AFURLSessionManager.h */ = {isa = PBXFileReference; fileEncoding = 4; lastKnownFileType = sourcecode.c.h; path = AFURLSessionManager.h; sourceTree = "<group>"; };
		600DEAED1D50D20200B07DB4 /* AFURLSessionManager.m */ = {isa = PBXFileReference; fileEncoding = 4; lastKnownFileType = sourcecode.c.objc; path = AFURLSessionManager.m; sourceTree = "<group>"; };
		600DEAFB1D50EDA800B07DB4 /* Account.h */ = {isa = PBXFileReference; fileEncoding = 4; lastKnownFileType = sourcecode.c.h; path = Account.h; sourceTree = "<group>"; };
		600DEAFC1D50EDA800B07DB4 /* Account.m */ = {isa = PBXFileReference; fileEncoding = 4; lastKnownFileType = sourcecode.c.objc; path = Account.m; sourceTree = "<group>"; };
		600DEAFF1D513A0E00B07DB4 /* SinaAPIConstant.h */ = {isa = PBXFileReference; fileEncoding = 4; lastKnownFileType = sourcecode.c.h; path = SinaAPIConstant.h; sourceTree = "<group>"; };
		600DEB001D513A0E00B07DB4 /* SinaAPIConstant.m */ = {isa = PBXFileReference; fileEncoding = 4; lastKnownFileType = sourcecode.c.objc; path = SinaAPIConstant.m; sourceTree = "<group>"; };
		60253CB01D5310F200BF72C0 /* Status.h */ = {isa = PBXFileReference; fileEncoding = 4; lastKnownFileType = sourcecode.c.h; path = Status.h; sourceTree = "<group>"; };
		60253CB11D5310F200BF72C0 /* Status.m */ = {isa = PBXFileReference; fileEncoding = 4; lastKnownFileType = sourcecode.c.objc; path = Status.m; sourceTree = "<group>"; };
		60253CB31D53125000BF72C0 /* User.h */ = {isa = PBXFileReference; fileEncoding = 4; lastKnownFileType = sourcecode.c.h; path = User.h; sourceTree = "<group>"; };
		60253CB41D53125000BF72C0 /* User.m */ = {isa = PBXFileReference; fileEncoding = 4; lastKnownFileType = sourcecode.c.objc; path = User.m; sourceTree = "<group>"; };
		60FFDCEC1D521953007ADB3A /* AccountManager.h */ = {isa = PBXFileReference; fileEncoding = 4; lastKnownFileType = sourcecode.c.h; path = AccountManager.h; sourceTree = "<group>"; };
		60FFDCED1D521953007ADB3A /* AccountManager.m */ = {isa = PBXFileReference; fileEncoding = 4; lastKnownFileType = sourcecode.c.objc; path = AccountManager.m; sourceTree = "<group>"; };
		60FFDCF11D526AE7007ADB3A /* StatusesTableViewController.h */ = {isa = PBXFileReference; fileEncoding = 4; lastKnownFileType = sourcecode.c.h; path = StatusesTableViewController.h; sourceTree = "<group>"; };
		60FFDCF21D526AE7007ADB3A /* StatusesTableViewController.m */ = {isa = PBXFileReference; fileEncoding = 4; lastKnownFileType = sourcecode.c.objc; path = StatusesTableViewController.m; sourceTree = "<group>"; };
/* End PBXFileReference section */

/* Begin PBXFrameworksBuildPhase section */
		6002724A1D50C71800EE2D86 /* Frameworks */ = {
			isa = PBXFrameworksBuildPhase;
			buildActionMask = 2147483647;
			files = (
			);
			runOnlyForDeploymentPostprocessing = 0;
		};
		600272631D50C71800EE2D86 /* Frameworks */ = {
			isa = PBXFrameworksBuildPhase;
			buildActionMask = 2147483647;
			files = (
			);
			runOnlyForDeploymentPostprocessing = 0;
		};
/* End PBXFrameworksBuildPhase section */

/* Begin PBXGroup section */
		600272441D50C71800EE2D86 = {
			isa = PBXGroup;
			children = (
				6002724F1D50C71800EE2D86 /* webo */,
				600272691D50C71800EE2D86 /* weboTests */,
				6002724E1D50C71800EE2D86 /* Products */,
			);
			sourceTree = "<group>";
		};
		6002724E1D50C71800EE2D86 /* Products */ = {
			isa = PBXGroup;
			children = (
				6002724D1D50C71800EE2D86 /* webo.app */,
				600272661D50C71800EE2D86 /* weboTests.xctest */,
			);
			name = Products;
			sourceTree = "<group>";
		};
		6002724F1D50C71800EE2D86 /* webo */ = {
			isa = PBXGroup;
			children = (
				60FFDCF01D526A9C007ADB3A /* Controller */,
				600DEAFE1D5139E400B07DB4 /* Util */,
				600DEAF71D50EB2100B07DB4 /* Model */,
				600DEADA1D50D20200B07DB4 /* AFNetworking */,
				6002725F1D50C71800EE2D86 /* LaunchScreen.xib */,
				600272501D50C71800EE2D86 /* Supporting Files */,
			);
			path = webo;
			sourceTree = "<group>";
		};
		600272501D50C71800EE2D86 /* Supporting Files */ = {
			isa = PBXGroup;
			children = (
				600272541D50C71800EE2D86 /* AppDelegate.h */,
				600272551D50C71800EE2D86 /* AppDelegate.m */,
				6002725A1D50C71800EE2D86 /* Main.storyboard */,
				6002725D1D50C71800EE2D86 /* Images.xcassets */,
				600272511D50C71800EE2D86 /* Info.plist */,
				600272521D50C71800EE2D86 /* main.m */,
				600272B51D50C80500EE2D86 /* PrefixHeader.pch */,
			);
			name = "Supporting Files";
			sourceTree = "<group>";
		};
		600272691D50C71800EE2D86 /* weboTests */ = {
			isa = PBXGroup;
			children = (
				6002726C1D50C71800EE2D86 /* weboTests.m */,
				6002726A1D50C71800EE2D86 /* Supporting Files */,
			);
			path = weboTests;
			sourceTree = "<group>";
		};
		6002726A1D50C71800EE2D86 /* Supporting Files */ = {
			isa = PBXGroup;
			children = (
				6002726B1D50C71800EE2D86 /* Info.plist */,
			);
			name = "Supporting Files";
			sourceTree = "<group>";
		};
		600DEADA1D50D20200B07DB4 /* AFNetworking */ = {
			isa = PBXGroup;
			children = (
				600DEADB1D50D20200B07DB4 /* AFHTTPRequestOperation.h */,
				600DEADC1D50D20200B07DB4 /* AFHTTPRequestOperation.m */,
				600DEADD1D50D20200B07DB4 /* AFHTTPRequestOperationManager.h */,
				600DEADE1D50D20200B07DB4 /* AFHTTPRequestOperationManager.m */,
				600DEADF1D50D20200B07DB4 /* AFHTTPSessionManager.h */,
				600DEAE01D50D20200B07DB4 /* AFHTTPSessionManager.m */,
				600DEAE11D50D20200B07DB4 /* AFNetworking.h */,
				600DEAE21D50D20200B07DB4 /* AFNetworkReachabilityManager.h */,
				600DEAE31D50D20200B07DB4 /* AFNetworkReachabilityManager.m */,
				600DEAE41D50D20200B07DB4 /* AFSecurityPolicy.h */,
				600DEAE51D50D20200B07DB4 /* AFSecurityPolicy.m */,
				600DEAE61D50D20200B07DB4 /* AFURLConnectionOperation.h */,
				600DEAE71D50D20200B07DB4 /* AFURLConnectionOperation.m */,
				600DEAE81D50D20200B07DB4 /* AFURLRequestSerialization.h */,
				600DEAE91D50D20200B07DB4 /* AFURLRequestSerialization.m */,
				600DEAEA1D50D20200B07DB4 /* AFURLResponseSerialization.h */,
				600DEAEB1D50D20200B07DB4 /* AFURLResponseSerialization.m */,
				600DEAEC1D50D20200B07DB4 /* AFURLSessionManager.h */,
				600DEAED1D50D20200B07DB4 /* AFURLSessionManager.m */,
			);
			path = AFNetworking;
			sourceTree = "<group>";
		};
		600DEAF71D50EB2100B07DB4 /* Model */ = {
			isa = PBXGroup;
			children = (
				600DEAFB1D50EDA800B07DB4 /* Account.h */,
				600DEAFC1D50EDA800B07DB4 /* Account.m */,
				60253CB01D5310F200BF72C0 /* Status.h */,
				60253CB11D5310F200BF72C0 /* Status.m */,
				60253CB31D53125000BF72C0 /* User.h */,
				60253CB41D53125000BF72C0 /* User.m */,
			);
			name = Model;
			sourceTree = "<group>";
		};
		600DEAFE1D5139E400B07DB4 /* Util */ = {
			isa = PBXGroup;
			children = (
				600DEAFF1D513A0E00B07DB4 /* SinaAPIConstant.h */,
				600DEB001D513A0E00B07DB4 /* SinaAPIConstant.m */,
				60FFDCEC1D521953007ADB3A /* AccountManager.h */,
				60FFDCED1D521953007ADB3A /* AccountManager.m */,
			);
			name = Util;
			sourceTree = "<group>";
		};
		60FFDCF01D526A9C007ADB3A /* Controller */ = {
			isa = PBXGroup;
			children = (
				600272571D50C71800EE2D86 /* OAurh2ViewController.h */,
				600272581D50C71800EE2D86 /* OAurh2ViewController.m */,
				60FFDCF11D526AE7007ADB3A /* StatusesTableViewController.h */,
				60FFDCF21D526AE7007ADB3A /* StatusesTableViewController.m */,
			);
			name = Controller;
			sourceTree = "<group>";
		};
/* End PBXGroup section */

/* Begin PBXNativeTarget section */
		6002724C1D50C71800EE2D86 /* webo */ = {
			isa = PBXNativeTarget;
			buildConfigurationList = 600272701D50C71800EE2D86 /* Build configuration list for PBXNativeTarget "webo" */;
			buildPhases = (
				600272491D50C71800EE2D86 /* Sources */,
				6002724A1D50C71800EE2D86 /* Frameworks */,
				6002724B1D50C71800EE2D86 /* Resources */,
			);
			buildRules = (
			);
			dependencies = (
			);
			name = webo;
			productName = webo;
			productReference = 6002724D1D50C71800EE2D86 /* webo.app */;
			productType = "com.apple.product-type.application";
		};
		600272651D50C71800EE2D86 /* weboTests */ = {
			isa = PBXNativeTarget;
			buildConfigurationList = 600272731D50C71800EE2D86 /* Build configuration list for PBXNativeTarget "weboTests" */;
			buildPhases = (
				600272621D50C71800EE2D86 /* Sources */,
				600272631D50C71800EE2D86 /* Frameworks */,
				600272641D50C71800EE2D86 /* Resources */,
			);
			buildRules = (
			);
			dependencies = (
				600272681D50C71800EE2D86 /* PBXTargetDependency */,
			);
			name = weboTests;
			productName = weboTests;
			productReference = 600272661D50C71800EE2D86 /* weboTests.xctest */;
			productType = "com.apple.product-type.bundle.unit-test";
		};
/* End PBXNativeTarget section */

/* Begin PBXProject section */
		600272451D50C71800EE2D86 /* Project object */ = {
			isa = PBXProject;
			attributes = {
				LastUpgradeCheck = 0630;
				ORGANIZATIONNAME = ruanjianjulebu;
				TargetAttributes = {
					6002724C1D50C71800EE2D86 = {
						CreatedOnToolsVersion = 6.3.1;
					};
					600272651D50C71800EE2D86 = {
						CreatedOnToolsVersion = 6.3.1;
						TestTargetID = 6002724C1D50C71800EE2D86;
					};
				};
			};
			buildConfigurationList = 600272481D50C71800EE2D86 /* Build configuration list for PBXProject "webo" */;
			compatibilityVersion = "Xcode 3.2";
			developmentRegion = English;
			hasScannedForEncodings = 0;
			knownRegions = (
				en,
				Base,
			);
			mainGroup = 600272441D50C71800EE2D86;
			productRefGroup = 6002724E1D50C71800EE2D86 /* Products */;
			projectDirPath = "";
			projectRoot = "";
			targets = (
				6002724C1D50C71800EE2D86 /* webo */,
				600272651D50C71800EE2D86 /* weboTests */,
			);
		};
/* End PBXProject section */

/* Begin PBXResourcesBuildPhase section */
		6002724B1D50C71800EE2D86 /* Resources */ = {
			isa = PBXResourcesBuildPhase;
			buildActionMask = 2147483647;
			files = (
				6002725C1D50C71800EE2D86 /* Main.storyboard in Resources */,
				600272611D50C71800EE2D86 /* LaunchScreen.xib in Resources */,
				6002725E1D50C71800EE2D86 /* Images.xcassets in Resources */,
			);
			runOnlyForDeploymentPostprocessing = 0;
		};
		600272641D50C71800EE2D86 /* Resources */ = {
			isa = PBXResourcesBuildPhase;
			buildActionMask = 2147483647;
			files = (
			);
			runOnlyForDeploymentPostprocessing = 0;
		};
/* End PBXResourcesBuildPhase section */

/* Begin PBXSourcesBuildPhase section */
		600272491D50C71800EE2D86 /* Sources */ = {
			isa = PBXSourcesBuildPhase;
			buildActionMask = 2147483647;
			files = (
				600DEAEE1D50D20200B07DB4 /* AFHTTPRequestOperation.m in Sources */,
				600DEB011D513A0E00B07DB4 /* SinaAPIConstant.m in Sources */,
				60253CB51D53125000BF72C0 /* User.m in Sources */,
				600272591D50C71800EE2D86 /* OAurh2ViewController.m in Sources */,
				600DEAEF1D50D20200B07DB4 /* AFHTTPRequestOperationManager.m in Sources */,
				60253CB21D5310F200BF72C0 /* Status.m in Sources */,
				600DEAF11D50D20200B07DB4 /* AFNetworkReachabilityManager.m in Sources */,
				600DEAF51D50D20200B07DB4 /* AFURLResponseSerialization.m in Sources */,
				600DEAF31D50D20200B07DB4 /* AFURLConnectionOperation.m in Sources */,
				600DEAF21D50D20200B07DB4 /* AFSecurityPolicy.m in Sources */,
				600DEAF01D50D20200B07DB4 /* AFHTTPSessionManager.m in Sources */,
				600DEAF41D50D20200B07DB4 /* AFURLRequestSerialization.m in Sources */,
				600DEAF61D50D20200B07DB4 /* AFURLSessionManager.m in Sources */,
				60FFDCF31D526AE7007ADB3A /* StatusesTableViewController.m in Sources */,
				60FFDCEE1D521953007ADB3A /* AccountManager.m in Sources */,
				600272561D50C71800EE2D86 /* AppDelegate.m in Sources */,
				600272531D50C71800EE2D86 /* main.m in Sources */,
				600DEAFD1D50EDA800B07DB4 /* Account.m in Sources */,
			);
			runOnlyForDeploymentPostprocessing = 0;
		};
		600272621D50C71800EE2D86 /* Sources */ = {
			isa = PBXSourcesBuildPhase;
			buildActionMask = 2147483647;
			files = (
				6002726D1D50C71800EE2D86 /* weboTests.m in Sources */,
			);
			runOnlyForDeploymentPostprocessing = 0;
		};
/* End PBXSourcesBuildPhase section */

/* Begin PBXTargetDependency section */
		600272681D50C71800EE2D86 /* PBXTargetDependency */ = {
			isa = PBXTargetDependency;
			target = 6002724C1D50C71800EE2D86 /* webo */;
			targetProxy = 600272671D50C71800EE2D86 /* PBXContainerItemProxy */;
		};
/* End PBXTargetDependency section */

/* Begin PBXVariantGroup section */
		6002725A1D50C71800EE2D86 /* Main.storyboard */ = {
			isa = PBXVariantGroup;
			children = (
				6002725B1D50C71800EE2D86 /* Base */,
			);
			name = Main.storyboard;
			sourceTree = "<group>";
		};
		6002725F1D50C71800EE2D86 /* LaunchScreen.xib */ = {
			isa = PBXVariantGroup;
			children = (
				600272601D50C71800EE2D86 /* Base */,
			);
			name = LaunchScreen.xib;
			sourceTree = "<group>";
		};
/* End PBXVariantGroup section */

/* Begin XCBuildConfiguration section */
		6002726E1D50C71800EE2D86 /* Debug */ = {
			isa = XCBuildConfiguration;
			buildSettings = {
				ALWAYS_SEARCH_USER_PATHS = NO;
				CLANG_CXX_LANGUAGE_STANDARD = "gnu++0x";
				CLANG_CXX_LIBRARY = "libc++";
				CLANG_ENABLE_MODULES = YES;
				CLANG_ENABLE_OBJC_ARC = YES;
				CLANG_WARN_BOOL_CONVERSION = YES;
				CLANG_WARN_CONSTANT_CONVERSION = YES;
				CLANG_WARN_DIRECT_OBJC_ISA_USAGE = YES_ERROR;
				CLANG_WARN_EMPTY_BODY = YES;
				CLANG_WARN_ENUM_CONVERSION = YES;
				CLANG_WARN_INT_CONVERSION = YES;
				CLANG_WARN_OBJC_ROOT_CLASS = YES_ERROR;
				CLANG_WARN_UNREACHABLE_CODE = YES;
				CLANG_WARN__DUPLICATE_METHOD_MATCH = YES;
				"CODE_SIGN_IDENTITY[sdk=iphoneos*]" = "iPhone Developer";
				COPY_PHASE_STRIP = NO;
				DEBUG_INFORMATION_FORMAT = "dwarf-with-dsym";
				ENABLE_STRICT_OBJC_MSGSEND = YES;
				GCC_C_LANGUAGE_STANDARD = gnu99;
				GCC_DYNAMIC_NO_PIC = NO;
				GCC_NO_COMMON_BLOCKS = YES;
				GCC_OPTIMIZATION_LEVEL = 0;
				GCC_PREPROCESSOR_DEFINITIONS = (
					"DEBUG=1",
					"$(inherited)",
				);
				GCC_SYMBOLS_PRIVATE_EXTERN = NO;
				GCC_WARN_64_TO_32_BIT_CONVERSION = YES;
				GCC_WARN_ABOUT_RETURN_TYPE = YES_ERROR;
				GCC_WARN_UNDECLARED_SELECTOR = YES;
				GCC_WARN_UNINITIALIZED_AUTOS = YES_AGGRESSIVE;
				GCC_WARN_UNUSED_FUNCTION = YES;
				GCC_WARN_UNUSED_VARIABLE = YES;
				IPHONEOS_DEPLOYMENT_TARGET = 8.3;
				MTL_ENABLE_DEBUG_INFO = YES;
				ONLY_ACTIVE_ARCH = YES;
				SDKROOT = iphoneos;
			};
			name = Debug;
		};
		6002726F1D50C71800EE2D86 /* Release */ = {
			isa = XCBuildConfiguration;
			buildSettings = {
				ALWAYS_SEARCH_USER_PATHS = NO;
				CLANG_CXX_LANGUAGE_STANDARD = "gnu++0x";
				CLANG_CXX_LIBRARY = "libc++";
				CLANG_ENABLE_MODULES = YES;
				CLANG_ENABLE_OBJC_ARC = YES;
				CLANG_WARN_BOOL_CONVERSION = YES;
				CLANG_WARN_CONSTANT_CONVERSION = YES;
				CLANG_WARN_DIRECT_OBJC_ISA_USAGE = YES_ERROR;
				CLANG_WARN_EMPTY_BODY = YES;
				CLANG_WARN_ENUM_CONVERSION = YES;
				CLANG_WARN_INT_CONVERSION = YES;
				CLANG_WARN_OBJC_ROOT_CLASS = YES_ERROR;
				CLANG_WARN_UNREACHABLE_CODE = YES;
				CLANG_WARN__DUPLICATE_METHOD_MATCH = YES;
				"CODE_SIGN_IDENTITY[sdk=iphoneos*]" = "iPhone Developer";
				COPY_PHASE_STRIP = NO;
				DEBUG_INFORMATION_FORMAT = "dwarf-with-dsym";
				ENABLE_NS_ASSERTIONS = NO;
				ENABLE_STRICT_OBJC_MSGSEND = YES;
				GCC_C_LANGUAGE_STANDARD = gnu99;
				GCC_NO_COMMON_BLOCKS = YES;
				GCC_WARN_64_TO_32_BIT_CONVERSION = YES;
				GCC_WARN_ABOUT_RETURN_TYPE = YES_ERROR;
				GCC_WARN_UNDECLARED_SELECTOR = YES;
				GCC_WARN_UNINITIALIZED_AUTOS = YES_AGGRESSIVE;
				GCC_WARN_UNUSED_FUNCTION = YES;
				GCC_WARN_UNUSED_VARIABLE = YES;
				IPHONEOS_DEPLOYMENT_TARGET = 8.3;
				MTL_ENABLE_DEBUG_INFO = NO;
				SDKROOT = iphoneos;
				VALIDATE_PRODUCT = YES;
			};
			name = Release;
		};
		600272711D50C71800EE2D86 /* Debug */ = {
			isa = XCBuildConfiguration;
			buildSettings = {
				ASSETCATALOG_COMPILER_APPICON_NAME = AppIcon;
				INFOPLIST_FILE = webo/Info.plist;
				IPHONEOS_DEPLOYMENT_TARGET = 8.3;
				LD_RUNPATH_SEARCH_PATHS = "$(inherited) @executable_path/Frameworks";
				PRODUCT_NAME = "$(TARGET_NAME)";
			};
			name = Debug;
		};
		600272721D50C71800EE2D86 /* Release */ = {
			isa = XCBuildConfiguration;
			buildSettings = {
				ASSETCATALOG_COMPILER_APPICON_NAME = AppIcon;
				INFOPLIST_FILE = webo/Info.plist;
				IPHONEOS_DEPLOYMENT_TARGET = 8.3;
				LD_RUNPATH_SEARCH_PATHS = "$(inherited) @executable_path/Frameworks";
				PRODUCT_NAME = "$(TARGET_NAME)";
			};
			name = Release;
		};
		600272741D50C71800EE2D86 /* Debug */ = {
			isa = XCBuildConfiguration;
			buildSettings = {
				BUNDLE_LOADER = "$(TEST_HOST)";
				FRAMEWORK_SEARCH_PATHS = (
					"$(SDKROOT)/Developer/Library/Frameworks",
					"$(inherited)",
				);
				GCC_PREPROCESSOR_DEFINITIONS = (
					"DEBUG=1",
					"$(inherited)",
				);
				INFOPLIST_FILE = weboTests/Info.plist;
				LD_RUNPATH_SEARCH_PATHS = "$(inherited) @executable_path/Frameworks @loader_path/Frameworks";
				PRODUCT_NAME = "$(TARGET_NAME)";
				TEST_HOST = "$(BUILT_PRODUCTS_DIR)/webo.app/webo";
			};
			name = Debug;
		};
		600272751D50C71800EE2D86 /* Release */ = {
			isa = XCBuildConfiguration;
			buildSettings = {
				BUNDLE_LOADER = "$(TEST_HOST)";
				FRAMEWORK_SEARCH_PATHS = (
					"$(SDKROOT)/Developer/Library/Frameworks",
					"$(inherited)",
				);
				INFOPLIST_FILE = weboTests/Info.plist;
				LD_RUNPATH_SEARCH_PATHS = "$(inherited) @executable_path/Frameworks @loader_path/Frameworks";
				PRODUCT_NAME = "$(TARGET_NAME)";
				TEST_HOST = "$(BUILT_PRODUCTS_DIR)/webo.app/webo";
			};
			name = Release;
		};
/* End XCBuildConfiguration section */

/* Begin XCConfigurationList section */
		600272481D50C71800EE2D86 /* Build configuration list for PBXProject "webo" */ = {
			isa = XCConfigurationList;
			buildConfigurations = (
				6002726E1D50C71800EE2D86 /* Debug */,
				6002726F1D50C71800EE2D86 /* Release */,
			);
			defaultConfigurationIsVisible = 0;
			defaultConfigurationName = Release;
		};
		600272701D50C71800EE2D86 /* Build configuration list for PBXNativeTarget "webo" */ = {
			isa = XCConfigurationList;
			buildConfigurations = (
				600272711D50C71800EE2D86 /* Debug */,
				600272721D50C71800EE2D86 /* Release */,
			);
			defaultConfigurationIsVisible = 0;
			defaultConfigurationName = Release;
		};
		600272731D50C71800EE2D86 /* Build configuration list for PBXNativeTarget "weboTests" */ = {
			isa = XCConfigurationList;
			buildConfigurations = (
				600272741D50C71800EE2D86 /* Debug */,
				600272751D50C71800EE2D86 /* Release */,
			);
			defaultConfigurationIsVisible = 0;
			defaultConfigurationName = Release;
		};
/* End XCConfigurationList section */
	};
	rootObject = 600272451D50C71800EE2D86 /* Project object */;
}
